PODS:
  - AModule (0.1.0):
    - BaseModule
    - HandyJSON
    - MBProgressHUD
    - ModuleServices
    - NNModule-swift
    - SnapKit
    - TabBarController
  - ApplicationModule (0.1.0):
    - BaseModule
    - ConfigModule
    - ModuleServices
    - NNModule-swift
  - BaseModule (0.1.0):
    - SnapKit
  - BModule (0.1.0):
    - BaseModule
    - HandyJSON
    - MBProgressHUD
    - ModuleServices
    - NNModule-swift
    - SnapKit
    - TabBarController
  - CModule (0.1.0):
    - ModuleServices
    - NNModule-swift
  - ConfigModule (0.1.0):
    - ModuleServices
    - NNModule-swift/ModuleManager
  - DModule (0.1.0):
    - ModuleServices
    - NNModule-swift
  - ESTabBarController-swift (2.8.0)
  - HandyJSON (5.0.2)
  - LoginModule (0.1.0):
    - ModuleServices
    - NNModule-swift
    - SnapKit
  - MBProgressHUD (1.2.0)
  - ModuleServices (0.1.0):
    - HandyJSON
    - NNModule-swift
  - NNModule-swift (1.0.6):
    - NNModule-swift/EventTransfer (= 1.0.6)
    - NNModule-swift/ModuleManager (= 1.0.6)
    - NNModule-swift/StickyNotification (= 1.0.6)
    - NNModule-swift/URLRouter (= 1.0.6)
  - NNModule-swift/EventTransfer (1.0.6)
  - NNModule-swift/ModuleManager (1.0.6):
    - NNModule-swift/StickyNotification
    - NNModule-swift/URLRouter
  - NNModule-swift/StickyNotification (1.0.6)
  - NNModule-swift/URLRouter (1.0.6)
  - SnapKit (5.6.0)
  - TabBarController (0.1.0):
    - BaseModule
    - ESTabBarController-swift
    - NNModule-swift

DEPENDENCIES:
  - AModule (from `../Modules/AModule`)
  - ApplicationModule (from `../Modules/ApplicationModule`)
  - BaseModule (from `../Modules/BaseModule`)
  - BModule (from `../Modules/BModule`)
  - CModule (from `../Modules/CModule`)
  - ConfigModule (from `../Modules/ConfigModule`)
  - DModule (from `../Modules/DModule`)
  - ESTabBarController-swift
  - HandyJSON
  - LoginModule (from `../Modules/LoginModule`)
  - MBProgressHUD
  - ModuleServices (from `../Modules/ModuleServices`)
  - NNModule-swift (from `../`)
  - SnapKit
  - TabBarController (from `../Modules/TabBarController`)

SPEC REPOS:
  trunk:
    - ESTabBarController-swift
    - HandyJSON
    - MBProgressHUD
    - SnapKit

EXTERNAL SOURCES:
  AModule:
    :path: "../Modules/AModule"
  ApplicationModule:
    :path: "../Modules/ApplicationModule"
  BaseModule:
    :path: "../Modules/BaseModule"
  BModule:
    :path: "../Modules/BModule"
  CModule:
    :path: "../Modules/CModule"
  ConfigModule:
    :path: "../Modules/ConfigModule"
  DModule:
    :path: "../Modules/DModule"
  LoginModule:
    :path: "../Modules/LoginModule"
  ModuleServices:
    :path: "../Modules/ModuleServices"
  NNModule-swift:
    :path: "../"
  TabBarController:
    :path: "../Modules/TabBarController"

SPEC CHECKSUMS:
  AModule: 51e0e4c61acbcaa67c90545ae6a5102e5ceb9b8b
  ApplicationModule: 6da97baed099f426fc2d1b2598b209237f0d70b1
  BaseModule: 14aa7c85d83820016feed1acd8f36c9425a27339
  BModule: 9364075adac43218901fdadcde101dd38ea18435
  CModule: 97df76767e5dee3d01fb756c577a721a3a7048aa
  ConfigModule: 6e8dd92478f032d0acfd1716a85ad8c242ed1340
  DModule: 9aaca28cb4a5bec93a457dbd7e8b6e2e7ba0ccec
  ESTabBarController-swift: 05593a6ad64700b03c0eb60ff625916370aa4136
  HandyJSON: 9e4e236f5d2dbefad5155a77417bbea438201c03
  LoginModule: 6ef785dc536edd6a8cf7e64131ce471580d69938
  MBProgressHUD: 3ee5efcc380f6a79a7cc9b363dd669c5e1ae7406
  ModuleServices: 0266d4a4ebdc520b676378e38fb24cb574fc91e7
  NNModule-swift: 4d6bbea39479c9ad1d03be323e5953f0e548b1fc
  SnapKit: e01d52ebb8ddbc333eefe2132acf85c8227d9c25
  TabBarController: 2d5dfb527a333c28aedd43d2441ae58998e8148e

PODFILE CHECKSUM: c73523024100b5483c08d0ff1a55edfdbf430932

COCOAPODS: 1.16.2
